
Microsoft Visual Studio Solution File, Format Version 12.00
# Visual Studio 15
VisualStudioVersion = 15.0.27703.2047
MinimumVisualStudioVersion = 10.0.40219.1
Project("{CC5FD16D-436D-48AD-A40C-5A424C6E3E79}") = "AzureWorkerRoleWithQuartz", "AzureWorkerRoleWithQuartz\AzureWorkerRoleWithQuartz.ccproj", "{32756276-9DA3-4AB1-B03A-ACB39DE4BFC2}"
EndProject
Project("{FAE04EC0-301F-11D3-BF4B-00C04F79EFBC}") = "WorkerRoleSample", "WorkerRoleSample\WorkerRoleSample.csproj", "{472D1EE5-072B-458D-AA02-0A124C215F31}"
EndProject
Global
	GlobalSection(SolutionConfigurationPlatforms) = preSolution
		Debug|Any CPU = Debug|Any CPU
		Release|Any CPU = Release|Any CPU
	EndGlobalSection
	GlobalSection(ProjectConfigurationPlatforms) = postSolution
		{32756276-9DA3-4AB1-B03A-ACB39DE4BFC2}.Debug|Any CPU.ActiveCfg = Debug|Any CPU
		{32756276-9DA3-4AB1-B03A-ACB39DE4BFC2}.Debug|Any CPU.Build.0 = Debug|Any CPU
		{32756276-9DA3-4AB1-B03A-ACB39DE4BFC2}.Release|Any CPU.ActiveCfg = Release|Any CPU
		{32756276-9DA3-4AB1-B03A-ACB39DE4BFC2}.Release|Any CPU.Build.0 = Release|Any CPU
		{472D1EE5-072B-458D-AA02-0A124C215F31}.Debug|Any CPU.ActiveCfg = Debug|Any CPU
		{472D1EE5-072B-458D-AA02-0A124C215F31}.Debug|Any CPU.Build.0 = Debug|Any CPU
		{472D1EE5-072B-458D-AA02-0A124C215F31}.Release|Any CPU.ActiveCfg = Release|Any CPU
		{472D1EE5-072B-458D-AA02-0A124C215F31}.Release|Any CPU.Build.0 = Release|Any CPU
	EndGlobalSection
	GlobalSection(SolutionProperties) = preSolution
		HideSolutionNode = FALSE
	EndGlobalSection
	GlobalSection(ExtensibilityGlobals) = postSolution
		SolutionGuid = {BAA07CA3-99B4-493E-BE3B-6A17E178C102}
	EndGlobalSection
EndGlobal
