
Microsoft Visual Studio Solution File, Format Version 12.00
# Visual Studio Version 16
VisualStudioVersion = 16.0.30406.217
MinimumVisualStudioVersion = 10.0.40219.1
Project("{FAE04EC0-301F-11D3-BF4B-00C04F79EFBC}") = "DesignPatternFactory", "DesignPatternFactory.csproj", "{4301179D-159F-4A4F-B89E-C500964C3A66}"
EndProject
Global
	GlobalSection(SolutionConfigurationPlatforms) = preSolution
		Debug|Any CPU = Debug|Any CPU
		Release|Any CPU = Release|Any CPU
	EndGlobalSection
	GlobalSection(ProjectConfigurationPlatforms) = postSolution
		{4301179D-159F-4A4F-B89E-C500964C3A66}.Debug|Any CPU.ActiveCfg = Debug|Any CPU
		{4301179D-159F-4A4F-B89E-C500964C3A66}.Debug|Any CPU.Build.0 = Debug|Any CPU
		{4301179D-159F-4A4F-B89E-C500964C3A66}.Release|Any CPU.ActiveCfg = Release|Any CPU
		{4301179D-159F-4A4F-B89E-C500964C3A66}.Release|Any CPU.Build.0 = Release|Any CPU
	EndGlobalSection
	GlobalSection(SolutionProperties) = preSolution
		HideSolutionNode = FALSE
	EndGlobalSection
	GlobalSection(ExtensibilityGlobals) = postSolution
		SolutionGuid = {FB96C636-1DFA-4394-821D-3763DC2FF26B}
	EndGlobalSection
EndGlobal
