
Microsoft Visual Studio Solution File, Format Version 12.00
# Visual Studio 15
VisualStudioVersion = 15.0.27428.2005
MinimumVisualStudioVersion = 10.0.40219.1
Project("{FAE04EC0-301F-11D3-BF4B-00C04F79EFBC}") = "NetCoreDataAnnotation", "NetCoreDataAnnotation\NetCoreDataAnnotation.csproj", "{7D44A809-05D9-4647-B4B2-C2DA6B75AAD0}"
EndProject
Global
	GlobalSection(SolutionConfigurationPlatforms) = preSolution
		Debug|Any CPU = Debug|Any CPU
		Release|Any CPU = Release|Any CPU
	EndGlobalSection
	GlobalSection(ProjectConfigurationPlatforms) = postSolution
		{7D44A809-05D9-4647-B4B2-C2DA6B75AAD0}.Debug|Any CPU.ActiveCfg = Debug|Any CPU
		{7D44A809-05D9-4647-B4B2-C2DA6B75AAD0}.Debug|Any CPU.Build.0 = Debug|Any CPU
		{7D44A809-05D9-4647-B4B2-C2DA6B75AAD0}.Release|Any CPU.ActiveCfg = Release|Any CPU
		{7D44A809-05D9-4647-B4B2-C2DA6B75AAD0}.Release|Any CPU.Build.0 = Release|Any CPU
	EndGlobalSection
	GlobalSection(SolutionProperties) = preSolution
		HideSolutionNode = FALSE
	EndGlobalSection
	GlobalSection(ExtensibilityGlobals) = postSolution
		SolutionGuid = {69D65D69-48FC-4B3C-927F-57B100783059}
	EndGlobalSection
EndGlobal
