
Microsoft Visual Studio Solution File, Format Version 12.00
# Visual Studio 15
VisualStudioVersion = 15.0.27428.2005
MinimumVisualStudioVersion = 10.0.40219.1
Project("{FAE04EC0-301F-11D3-BF4B-00C04F79EFBC}") = "NetCoreCalculator", "NetCoreCalculator\NetCoreCalculator.csproj", "{C132CA45-D2E7-4DD2-951B-B07F0BA9AD8B}"
EndProject
Global
	GlobalSection(SolutionConfigurationPlatforms) = preSolution
		Debug|Any CPU = Debug|Any CPU
		Release|Any CPU = Release|Any CPU
	EndGlobalSection
	GlobalSection(ProjectConfigurationPlatforms) = postSolution
		{C132CA45-D2E7-4DD2-951B-B07F0BA9AD8B}.Debug|Any CPU.ActiveCfg = Debug|Any CPU
		{C132CA45-D2E7-4DD2-951B-B07F0BA9AD8B}.Debug|Any CPU.Build.0 = Debug|Any CPU
		{C132CA45-D2E7-4DD2-951B-B07F0BA9AD8B}.Release|Any CPU.ActiveCfg = Release|Any CPU
		{C132CA45-D2E7-4DD2-951B-B07F0BA9AD8B}.Release|Any CPU.Build.0 = Release|Any CPU
	EndGlobalSection
	GlobalSection(SolutionProperties) = preSolution
		HideSolutionNode = FALSE
	EndGlobalSection
	GlobalSection(ExtensibilityGlobals) = postSolution
		SolutionGuid = {5314A22C-6378-493C-8037-70C23B354B77}
	EndGlobalSection
EndGlobal
