
Microsoft Visual Studio Solution File, Format Version 12.00
# Visual Studio 15
VisualStudioVersion = 15.0.26430.16
MinimumVisualStudioVersion = 10.0.40219.1
Project("{FAE04EC0-301F-11D3-BF4B-00C04F79EFBC}") = "EFCoreSimulateCodeFirst", "EFCoreSimulateCodeFirst\EFCoreSimulateCodeFirst.csproj", "{37FEAF8F-23E3-432C-862A-EAA434DC55E4}"
EndProject
Project("{FAE04EC0-301F-11D3-BF4B-00C04F79EFBC}") = "SimulateCodeFirst", "SimulateCodeFirst\SimulateCodeFirst.csproj", "{A201488E-083B-4450-BF19-5FF96A4E2FAC}"
EndProject
Global
	GlobalSection(SolutionConfigurationPlatforms) = preSolution
		Debug|Any CPU = Debug|Any CPU
		Release|Any CPU = Release|Any CPU
	EndGlobalSection
	GlobalSection(ProjectConfigurationPlatforms) = postSolution
		{37FEAF8F-23E3-432C-862A-EAA434DC55E4}.Debug|Any CPU.ActiveCfg = Debug|Any CPU
		{37FEAF8F-23E3-432C-862A-EAA434DC55E4}.Debug|Any CPU.Build.0 = Debug|Any CPU
		{37FEAF8F-23E3-432C-862A-EAA434DC55E4}.Release|Any CPU.ActiveCfg = Release|Any CPU
		{37FEAF8F-23E3-432C-862A-EAA434DC55E4}.Release|Any CPU.Build.0 = Release|Any CPU
		{A201488E-083B-4450-BF19-5FF96A4E2FAC}.Debug|Any CPU.ActiveCfg = Debug|Any CPU
		{A201488E-083B-4450-BF19-5FF96A4E2FAC}.Debug|Any CPU.Build.0 = Debug|Any CPU
		{A201488E-083B-4450-BF19-5FF96A4E2FAC}.Release|Any CPU.ActiveCfg = Release|Any CPU
		{A201488E-083B-4450-BF19-5FF96A4E2FAC}.Release|Any CPU.Build.0 = Release|Any CPU
	EndGlobalSection
	GlobalSection(SolutionProperties) = preSolution
		HideSolutionNode = FALSE
	EndGlobalSection
EndGlobal
