
Microsoft Visual Studio Solution File, Format Version 12.00
# Visual Studio Version 17
VisualStudioVersion = 17.6.33815.320
MinimumVisualStudioVersion = 10.0.40219.1
Project("{FAE04EC0-301F-11D3-BF4B-00C04F79EFBC}") = "DellentThiago", "DellentThiago.csproj", "{2861A62B-0FA7-4C3E-877F-5A00C76F1D24}"
EndProject
Global
	GlobalSection(SolutionConfigurationPlatforms) = preSolution
		Debug|Any CPU = Debug|Any CPU
		Release|Any CPU = Release|Any CPU
	EndGlobalSection
	GlobalSection(ProjectConfigurationPlatforms) = postSolution
		{2861A62B-0FA7-4C3E-877F-5A00C76F1D24}.Debug|Any CPU.ActiveCfg = Debug|Any CPU
		{2861A62B-0FA7-4C3E-877F-5A00C76F1D24}.Debug|Any CPU.Build.0 = Debug|Any CPU
		{2861A62B-0FA7-4C3E-877F-5A00C76F1D24}.Release|Any CPU.ActiveCfg = Release|Any CPU
		{2861A62B-0FA7-4C3E-877F-5A00C76F1D24}.Release|Any CPU.Build.0 = Release|Any CPU
	EndGlobalSection
	GlobalSection(SolutionProperties) = preSolution
		HideSolutionNode = FALSE
	EndGlobalSection
	GlobalSection(ExtensibilityGlobals) = postSolution
		SolutionGuid = {24E946C5-32B7-4BAE-BA5D-E4B68797E47A}
	EndGlobalSection
EndGlobal
