
Microsoft Visual Studio Solution File, Format Version 12.00
# Visual Studio Version 16
VisualStudioVersion = 16.0.31321.278
MinimumVisualStudioVersion = 10.0.40219.1
Project("{FAE04EC0-301F-11D3-BF4B-00C04F79EFBC}") = "Charts", "Charts\Charts.csproj", "{61D084E9-F6CF-4FC6-9175-D6B12E603672}"
EndProject
Global
	GlobalSection(SolutionConfigurationPlatforms) = preSolution
		Debug|Any CPU = Debug|Any CPU
		Release|Any CPU = Release|Any CPU
	EndGlobalSection
	GlobalSection(ProjectConfigurationPlatforms) = postSolution
		{61D084E9-F6CF-4FC6-9175-D6B12E603672}.Debug|Any CPU.ActiveCfg = Debug|Any CPU
		{61D084E9-F6CF-4FC6-9175-D6B12E603672}.Debug|Any CPU.Build.0 = Debug|Any CPU
		{61D084E9-F6CF-4FC6-9175-D6B12E603672}.Release|Any CPU.ActiveCfg = Release|Any CPU
		{61D084E9-F6CF-4FC6-9175-D6B12E603672}.Release|Any CPU.Build.0 = Release|Any CPU
	EndGlobalSection
	GlobalSection(SolutionProperties) = preSolution
		HideSolutionNode = FALSE
	EndGlobalSection
	GlobalSection(ExtensibilityGlobals) = postSolution
		SolutionGuid = {AFD0BF8E-9AE9-44DD-A3E4-43B21CF72851}
	EndGlobalSection
EndGlobal
