
Microsoft Visual Studio Solution File, Format Version 12.00
# Visual Studio Version 16
VisualStudioVersion = 16.0.29215.179
MinimumVisualStudioVersion = 10.0.40219.1
Project("{FAE04EC0-301F-11D3-BF4B-00C04F79EFBC}") = "SampleVisualStudioExtension", "SampleVisualStudioExtension.csproj", "{71A72D90-E531-4DE5-845D-C2E3A32B89B4}"
EndProject
Global
	GlobalSection(SolutionConfigurationPlatforms) = preSolution
		Debug|Any CPU = Debug|Any CPU
		Release|Any CPU = Release|Any CPU
	EndGlobalSection
	GlobalSection(ProjectConfigurationPlatforms) = postSolution
		{71A72D90-E531-4DE5-845D-C2E3A32B89B4}.Debug|Any CPU.ActiveCfg = Debug|Any CPU
		{71A72D90-E531-4DE5-845D-C2E3A32B89B4}.Debug|Any CPU.Build.0 = Debug|Any CPU
		{71A72D90-E531-4DE5-845D-C2E3A32B89B4}.Release|Any CPU.ActiveCfg = Release|Any CPU
		{71A72D90-E531-4DE5-845D-C2E3A32B89B4}.Release|Any CPU.Build.0 = Release|Any CPU
	EndGlobalSection
	GlobalSection(SolutionProperties) = preSolution
		HideSolutionNode = FALSE
	EndGlobalSection
	GlobalSection(ExtensibilityGlobals) = postSolution
		SolutionGuid = {16378928-6FDD-48CC-82C3-821FF01F6C8E}
	EndGlobalSection
EndGlobal
