
Microsoft Visual Studio Solution File, Format Version 12.00
# Visual Studio Version 16
VisualStudioVersion = 16.0.30406.217
MinimumVisualStudioVersion = 10.0.40219.1
Project("{FAE04EC0-301F-11D3-BF4B-00C04F79EFBC}") = "DesignPatternAbstractFactory", "DesignPatternAbstractFactory.csproj", "{C1271D33-5053-4F5A-A995-984A097C5044}"
EndProject
Global
	GlobalSection(SolutionConfigurationPlatforms) = preSolution
		Debug|Any CPU = Debug|Any CPU
		Release|Any CPU = Release|Any CPU
	EndGlobalSection
	GlobalSection(ProjectConfigurationPlatforms) = postSolution
		{C1271D33-5053-4F5A-A995-984A097C5044}.Debug|Any CPU.ActiveCfg = Debug|Any CPU
		{C1271D33-5053-4F5A-A995-984A097C5044}.Debug|Any CPU.Build.0 = Debug|Any CPU
		{C1271D33-5053-4F5A-A995-984A097C5044}.Release|Any CPU.ActiveCfg = Release|Any CPU
		{C1271D33-5053-4F5A-A995-984A097C5044}.Release|Any CPU.Build.0 = Release|Any CPU
	EndGlobalSection
	GlobalSection(SolutionProperties) = preSolution
		HideSolutionNode = FALSE
	EndGlobalSection
	GlobalSection(ExtensibilityGlobals) = postSolution
		SolutionGuid = {6BF523C6-4B11-4559-86D3-D2E1A460A112}
	EndGlobalSection
EndGlobal
