
Microsoft Visual Studio Solution File, Format Version 12.00
# Visual Studio Version 16
VisualStudioVersion = 16.0.32510.428
MinimumVisualStudioVersion = 10.0.40219.1
Project("{FAE04EC0-301F-11D3-BF4B-00C04F79EFBC}") = "nCacheWithSignalR", "nCacheWithSignalR.csproj", "{4FADBC98-F1E1-45B1-9602-1E488EDDE5B2}"
EndProject
Global
	GlobalSection(SolutionConfigurationPlatforms) = preSolution
		Debug|Any CPU = Debug|Any CPU
		Release|Any CPU = Release|Any CPU
	EndGlobalSection
	GlobalSection(ProjectConfigurationPlatforms) = postSolution
		{4FADBC98-F1E1-45B1-9602-1E488EDDE5B2}.Debug|Any CPU.ActiveCfg = Debug|Any CPU
		{4FADBC98-F1E1-45B1-9602-1E488EDDE5B2}.Debug|Any CPU.Build.0 = Debug|Any CPU
		{4FADBC98-F1E1-45B1-9602-1E488EDDE5B2}.Release|Any CPU.ActiveCfg = Release|Any CPU
		{4FADBC98-F1E1-45B1-9602-1E488EDDE5B2}.Release|Any CPU.Build.0 = Release|Any CPU
	EndGlobalSection
	GlobalSection(SolutionProperties) = preSolution
		HideSolutionNode = FALSE
	EndGlobalSection
	GlobalSection(ExtensibilityGlobals) = postSolution
		SolutionGuid = {A5F5BF1F-11ED-44CD-B544-0D7E65E5FADE}
	EndGlobalSection
EndGlobal
