
Microsoft Visual Studio Solution File, Format Version 12.00
# Visual Studio Version 16
VisualStudioVersion = 16.0.30717.126
MinimumVisualStudioVersion = 10.0.40219.1
Project("{FAE04EC0-301F-11D3-BF4B-00C04F79EFBC}") = "StorageQueueWithNetCore", "StorageQueueWithNetCore\StorageQueueWithNetCore.csproj", "{15E0B56B-B010-45B2-880D-99657B242D0D}"
EndProject
Global
	GlobalSection(SolutionConfigurationPlatforms) = preSolution
		Debug|Any CPU = Debug|Any CPU
		Release|Any CPU = Release|Any CPU
	EndGlobalSection
	GlobalSection(ProjectConfigurationPlatforms) = postSolution
		{15E0B56B-B010-45B2-880D-99657B242D0D}.Debug|Any CPU.ActiveCfg = Debug|Any CPU
		{15E0B56B-B010-45B2-880D-99657B242D0D}.Debug|Any CPU.Build.0 = Debug|Any CPU
		{15E0B56B-B010-45B2-880D-99657B242D0D}.Release|Any CPU.ActiveCfg = Release|Any CPU
		{15E0B56B-B010-45B2-880D-99657B242D0D}.Release|Any CPU.Build.0 = Release|Any CPU
	EndGlobalSection
	GlobalSection(SolutionProperties) = preSolution
		HideSolutionNode = FALSE
	EndGlobalSection
	GlobalSection(ExtensibilityGlobals) = postSolution
		SolutionGuid = {4E41EDD2-DBC3-4D96-B41A-C9C06D497C10}
	EndGlobalSection
EndGlobal
